
Microsoft Visual Studio Solution File, Format Version 12.00
# Visual Studio 14
VisualStudioVersion = 14.0.24720.0
MinimumVisualStudioVersion = 10.0.40219.1
Project("{FAE04EC0-301F-11D3-BF4B-00C04F79EFBC}") = "Ranta", "Ranta\Ranta.csproj", "{B6623255-9A53-43F7-924A-B30C0CF1B52E}"
EndProject
Project("{FAE04EC0-301F-11D3-BF4B-00C04F79EFBC}") = "Ranta.Image", "Ranta.Image\Ranta.Image.csproj", "{AEB4EC5F-8B80-4775-871A-87F30ADD2261}"
EndProject
Global
	GlobalSection(SolutionConfigurationPlatforms) = preSolution
		Debug|Any CPU = Debug|Any CPU
		Release|Any CPU = Release|Any CPU
	EndGlobalSection
	GlobalSection(ProjectConfigurationPlatforms) = postSolution
		{B6623255-9A53-43F7-924A-B30C0CF1B52E}.Debug|Any CPU.ActiveCfg = Debug|Any CPU
		{B6623255-9A53-43F7-924A-B30C0CF1B52E}.Debug|Any CPU.Build.0 = Debug|Any CPU
		{B6623255-9A53-43F7-924A-B30C0CF1B52E}.Release|Any CPU.ActiveCfg = Release|Any CPU
		{B6623255-9A53-43F7-924A-B30C0CF1B52E}.Release|Any CPU.Build.0 = Release|Any CPU
		{AEB4EC5F-8B80-4775-871A-87F30ADD2261}.Debug|Any CPU.ActiveCfg = Debug|Any CPU
		{AEB4EC5F-8B80-4775-871A-87F30ADD2261}.Debug|Any CPU.Build.0 = Debug|Any CPU
		{AEB4EC5F-8B80-4775-871A-87F30ADD2261}.Release|Any CPU.ActiveCfg = Release|Any CPU
		{AEB4EC5F-8B80-4775-871A-87F30ADD2261}.Release|Any CPU.Build.0 = Release|Any CPU
	EndGlobalSection
	GlobalSection(SolutionProperties) = preSolution
		HideSolutionNode = FALSE
	EndGlobalSection
EndGlobal
